
Microsoft Visual Studio Solution File, Format Version 12.00
# Visual Studio Version 17
VisualStudioVersion = 17.14.36414.22 d17.14
MinimumVisualStudioVersion = 10.0.40219.1
Project("{2150E333-8FDC-42A3-9474-1A3956D46DE8}") = "Task0", "Task0", "{02EA681E-C7D8-13C7-8484-4AC65E1B71E8}"
EndProject
Project("{FAE04EC0-301F-11D3-BF4B-00C04F79EFBC}") = "Tyuiu.MedvedevDP.Sprint0.Task0.V0", "Tyuiu.MedvedevDP.Sprint0.Task0.V0\Tyuiu.MedvedevDP.Sprint0.Task0.V0.csproj", "{91DCD4AF-4BCB-4F4B-9D57-424A44384DFD}"
EndProject
Project("{2150E333-8FDC-42A3-9474-1A3956D46DE8}") = "Task1", "Task1", "{BCB182D1-5584-4C5B-B7A0-87AEE7EE2883}"
EndProject
Project("{FAE04EC0-301F-11D3-BF4B-00C04F79EFBC}") = "Tyuiu.MedvedevDP.Sprint0.Task1.V0", "Tyuiu.MedvedevDP.Sprint0.Task1.V0\Tyuiu.MedvedevDP.Sprint0.Task1.V0.csproj", "{9517A09C-9797-42F4-A362-F40ECE64C986}"
EndProject
Global
	GlobalSection(SolutionConfigurationPlatforms) = preSolution
		Debug|Any CPU = Debug|Any CPU
		Release|Any CPU = Release|Any CPU
	EndGlobalSection
	GlobalSection(ProjectConfigurationPlatforms) = postSolution
		{91DCD4AF-4BCB-4F4B-9D57-424A44384DFD}.Debug|Any CPU.ActiveCfg = Debug|Any CPU
		{91DCD4AF-4BCB-4F4B-9D57-424A44384DFD}.Debug|Any CPU.Build.0 = Debug|Any CPU
		{91DCD4AF-4BCB-4F4B-9D57-424A44384DFD}.Release|Any CPU.ActiveCfg = Release|Any CPU
		{91DCD4AF-4BCB-4F4B-9D57-424A44384DFD}.Release|Any CPU.Build.0 = Release|Any CPU
		{9517A09C-9797-42F4-A362-F40ECE64C986}.Debug|Any CPU.ActiveCfg = Debug|Any CPU
		{9517A09C-9797-42F4-A362-F40ECE64C986}.Debug|Any CPU.Build.0 = Debug|Any CPU
		{9517A09C-9797-42F4-A362-F40ECE64C986}.Release|Any CPU.ActiveCfg = Release|Any CPU
		{9517A09C-9797-42F4-A362-F40ECE64C986}.Release|Any CPU.Build.0 = Release|Any CPU
	EndGlobalSection
	GlobalSection(SolutionProperties) = preSolution
		HideSolutionNode = FALSE
	EndGlobalSection
	GlobalSection(NestedProjects) = preSolution
		{91DCD4AF-4BCB-4F4B-9D57-424A44384DFD} = {02EA681E-C7D8-13C7-8484-4AC65E1B71E8}
		{9517A09C-9797-42F4-A362-F40ECE64C986} = {BCB182D1-5584-4C5B-B7A0-87AEE7EE2883}
	EndGlobalSection
	GlobalSection(ExtensibilityGlobals) = postSolution
		SolutionGuid = {CBB0669E-1FAA-404A-A054-616D24E2EDEE}
	EndGlobalSection
EndGlobal
